
Microsoft Visual Studio Solution File, Format Version 12.00
# Visual Studio Version 17
VisualStudioVersion = 17.11.35431.28
MinimumVisualStudioVersion = 10.0.40219.1
Project("{FAE04EC0-301F-11D3-BF4B-00C04F79EFBC}") = "SimulasTest", "SimulasTest.csproj", "{C0DEA3F3-8A59-42CC-BC50-C6C45A74708C}"
EndProject
Global
	GlobalSection(SolutionConfigurationPlatforms) = preSolution
		Debug|Any CPU = Debug|Any CPU
		Release|Any CPU = Release|Any CPU
	EndGlobalSection
	GlobalSection(ProjectConfigurationPlatforms) = postSolution
		{C0DEA3F3-8A59-42CC-BC50-C6C45A74708C}.Debug|Any CPU.ActiveCfg = Debug|Any CPU
		{C0DEA3F3-8A59-42CC-BC50-C6C45A74708C}.Debug|Any CPU.Build.0 = Debug|Any CPU
		{C0DEA3F3-8A59-42CC-BC50-C6C45A74708C}.Release|Any CPU.ActiveCfg = Release|Any CPU
		{C0DEA3F3-8A59-42CC-BC50-C6C45A74708C}.Release|Any CPU.Build.0 = Release|Any CPU
	EndGlobalSection
	GlobalSection(SolutionProperties) = preSolution
		HideSolutionNode = FALSE
	EndGlobalSection
	GlobalSection(ExtensibilityGlobals) = postSolution
		SolutionGuid = {681C8778-6C10-4E28-BE26-AA4232326111}
	EndGlobalSection
EndGlobal
