
Microsoft Visual Studio Solution File, Format Version 12.00
# Visual Studio Version 17
VisualStudioVersion = 17.4.33205.214
MinimumVisualStudioVersion = 10.0.40219.1
Project("{FAE04EC0-301F-11D3-BF4B-00C04F79EFBC}") = "Defense Consolas", "Defense Consolas.csproj", "{ECD35DA8-967B-4885-BA67-EC56D0760CD2}"
EndProject
Global
	GlobalSection(SolutionConfigurationPlatforms) = preSolution
		Debug|Any CPU = Debug|Any CPU
		Release|Any CPU = Release|Any CPU
	EndGlobalSection
	GlobalSection(ProjectConfigurationPlatforms) = postSolution
		{ECD35DA8-967B-4885-BA67-EC56D0760CD2}.Debug|Any CPU.ActiveCfg = Debug|Any CPU
		{ECD35DA8-967B-4885-BA67-EC56D0760CD2}.Debug|Any CPU.Build.0 = Debug|Any CPU
		{ECD35DA8-967B-4885-BA67-EC56D0760CD2}.Release|Any CPU.ActiveCfg = Release|Any CPU
		{ECD35DA8-967B-4885-BA67-EC56D0760CD2}.Release|Any CPU.Build.0 = Release|Any CPU
	EndGlobalSection
	GlobalSection(SolutionProperties) = preSolution
		HideSolutionNode = FALSE
	EndGlobalSection
	GlobalSection(ExtensibilityGlobals) = postSolution
		SolutionGuid = {A1DA7712-25CA-4240-8C80-F2650975D7B3}
	EndGlobalSection
EndGlobal
